// !$*UTF8*$!
{
	archiveVersion = 1;
	classes = {
	};
	objectVersion = 50;
	objects = {

/* Begin PBXBuildFile section */
		115F15FC257EC211003EB4F3 /* ShoppingItemCell.swift in Sources */ = {isa = PBXBuildFile; fileRef = 115F15FA257EC211003EB4F3 /* ShoppingItemCell.swift */; };
		115F15FD257EC211003EB4F3 /* ShoppingItemCell.xib in Resources */ = {isa = PBXBuildFile; fileRef = 115F15FB257EC211003EB4F3 /* ShoppingItemCell.xib */; };
		115F1604257ED360003EB4F3 /* UIViewController+ErrorAlert.swift in Sources */ = {isa = PBXBuildFile; fileRef = 115F1603257ED360003EB4F3 /* UIViewController+ErrorAlert.swift */; };
		11667F92257E8B4E00139316 /* AppDelegate.swift in Sources */ = {isa = PBXBuildFile; fileRef = 11667F91257E8B4E00139316 /* AppDelegate.swift */; };
		11667F96257E8B4E00139316 /* MainViewController.swift in Sources */ = {isa = PBXBuildFile; fileRef = 11667F95257E8B4E00139316 /* MainViewController.swift */; };
		11667F99257E8B4E00139316 /* Main.storyboard in Resources */ = {isa = PBXBuildFile; fileRef = 11667F97257E8B4E00139316 /* Main.storyboard */; };
		11667F9B257E8B4F00139316 /* Assets.xcassets in Resources */ = {isa = PBXBuildFile; fileRef = 11667F9A257E8B4F00139316 /* Assets.xcassets */; };
		11667F9E257E8B4F00139316 /* LaunchScreen.storyboard in Resources */ = {isa = PBXBuildFile; fileRef = 11667F9C257E8B4F00139316 /* LaunchScreen.storyboard */; };
		11DC2101257ED8BF00C714DF /* MainModuleWireframe.swift in Sources */ = {isa = PBXBuildFile; fileRef = 11DC2100257ED8BF00C714DF /* MainModuleWireframe.swift */; };
		11F9912E257E996A00243D84 /* MainViewModelProtocol.swift in Sources */ = {isa = PBXBuildFile; fileRef = 11F9912D257E996A00243D84 /* MainViewModelProtocol.swift */; };
		11F99131257E99D400243D84 /* ShoppingItemEntity.swift in Sources */ = {isa = PBXBuildFile; fileRef = 11F99130257E99D400243D84 /* ShoppingItemEntity.swift */; };
		11F99134257E9A3600243D84 /* MainViewModel.swift in Sources */ = {isa = PBXBuildFile; fileRef = 11F99133257E9A3600243D84 /* MainViewModel.swift */; };
		11F9913F257EAB8200243D84 /* StoreServiceProtocol.swift in Sources */ = {isa = PBXBuildFile; fileRef = 11F9913E257EAB8200243D84 /* StoreServiceProtocol.swift */; };
		11F99146257EACBB00243D84 /* MockStoreService.swift in Sources */ = {isa = PBXBuildFile; fileRef = 11F99145257EACBB00243D84 /* MockStoreService.swift */; };
		11F9914C257EB60F00243D84 /* ShoppingViewData.swift in Sources */ = {isa = PBXBuildFile; fileRef = 11F9914B257EB60F00243D84 /* ShoppingViewData.swift */; };
/* End PBXBuildFile section */

/* Begin PBXFileReference section */
		115F15FA257EC211003EB4F3 /* ShoppingItemCell.swift */ = {isa = PBXFileReference; lastKnownFileType = sourcecode.swift; path = ShoppingItemCell.swift; sourceTree = "<group>"; };
		115F15FB257EC211003EB4F3 /* ShoppingItemCell.xib */ = {isa = PBXFileReference; lastKnownFileType = file.xib; path = ShoppingItemCell.xib; sourceTree = "<group>"; };
		115F1603257ED360003EB4F3 /* UIViewController+ErrorAlert.swift */ = {isa = PBXFileReference; lastKnownFileType = sourcecode.swift; path = "UIViewController+ErrorAlert.swift"; sourceTree = "<group>"; };
		11667F8E257E8B4E00139316 /* ProjectList.app */ = {isa = PBXFileReference; explicitFileType = wrapper.application; includeInIndex = 0; path = ProjectList.app; sourceTree = BUILT_PRODUCTS_DIR; };
		11667F91257E8B4E00139316 /* AppDelegate.swift */ = {isa = PBXFileReference; lastKnownFileType = sourcecode.swift; path = AppDelegate.swift; sourceTree = "<group>"; };
		11667F95257E8B4E00139316 /* MainViewController.swift */ = {isa = PBXFileReference; lastKnownFileType = sourcecode.swift; path = MainViewController.swift; sourceTree = "<group>"; };
		11667F98257E8B4E00139316 /* Base */ = {isa = PBXFileReference; lastKnownFileType = file.storyboard; name = Base; path = Base.lproj/Main.storyboard; sourceTree = "<group>"; };
		11667F9A257E8B4F00139316 /* Assets.xcassets */ = {isa = PBXFileReference; lastKnownFileType = folder.assetcatalog; path = Assets.xcassets; sourceTree = "<group>"; };
		11667F9D257E8B4F00139316 /* Base */ = {isa = PBXFileReference; lastKnownFileType = file.storyboard; name = Base; path = Base.lproj/LaunchScreen.storyboard; sourceTree = "<group>"; };
		11667F9F257E8B4F00139316 /* Info.plist */ = {isa = PBXFileReference; lastKnownFileType = text.plist.xml; path = Info.plist; sourceTree = "<group>"; };
		11DC2100257ED8BF00C714DF /* MainModuleWireframe.swift */ = {isa = PBXFileReference; lastKnownFileType = sourcecode.swift; path = MainModuleWireframe.swift; sourceTree = "<group>"; };
		11F9912D257E996A00243D84 /* MainViewModelProtocol.swift */ = {isa = PBXFileReference; lastKnownFileType = sourcecode.swift; path = MainViewModelProtocol.swift; sourceTree = "<group>"; };
		11F99130257E99D400243D84 /* ShoppingItemEntity.swift */ = {isa = PBXFileReference; lastKnownFileType = sourcecode.swift; path = ShoppingItemEntity.swift; sourceTree = "<group>"; };
		11F99133257E9A3600243D84 /* MainViewModel.swift */ = {isa = PBXFileReference; lastKnownFileType = sourcecode.swift; path = MainViewModel.swift; sourceTree = "<group>"; };
		11F9913E257EAB8200243D84 /* StoreServiceProtocol.swift */ = {isa = PBXFileReference; lastKnownFileType = sourcecode.swift; path = StoreServiceProtocol.swift; sourceTree = "<group>"; };
		11F99145257EACBB00243D84 /* MockStoreService.swift */ = {isa = PBXFileReference; lastKnownFileType = sourcecode.swift; path = MockStoreService.swift; sourceTree = "<group>"; };
		11F9914B257EB60F00243D84 /* ShoppingViewData.swift */ = {isa = PBXFileReference; lastKnownFileType = sourcecode.swift; path = ShoppingViewData.swift; sourceTree = "<group>"; };
/* End PBXFileReference section */

/* Begin PBXFrameworksBuildPhase section */
		11667F8B257E8B4E00139316 /* Frameworks */ = {
			isa = PBXFrameworksBuildPhase;
			buildActionMask = 2147483647;
			files = (
			);
			runOnlyForDeploymentPostprocessing = 0;
		};
/* End PBXFrameworksBuildPhase section */

/* Begin PBXGroup section */
		115F15F9257EC1E1003EB4F3 /* Cell */ = {
			isa = PBXGroup;
			children = (
				115F15FA257EC211003EB4F3 /* ShoppingItemCell.swift */,
				115F15FB257EC211003EB4F3 /* ShoppingItemCell.xib */,
			);
			path = Cell;
			sourceTree = "<group>";
		};
		115F1600257ED314003EB4F3 /* Extensions */ = {
			isa = PBXGroup;
			children = (
				115F1602257ED34B003EB4F3 /* UIViewController */,
			);
			path = Extensions;
			sourceTree = "<group>";
		};
		115F1601257ED325003EB4F3 /* Common */ = {
			isa = PBXGroup;
			children = (
				115F1600257ED314003EB4F3 /* Extensions */,
				11667FA9257E925400139316 /* Modules */,
				11667FAA257E92AF00139316 /* Services */,
			);
			path = Common;
			sourceTree = "<group>";
		};
		115F1602257ED34B003EB4F3 /* UIViewController */ = {
			isa = PBXGroup;
			children = (
				115F1603257ED360003EB4F3 /* UIViewController+ErrorAlert.swift */,
			);
			path = UIViewController;
			sourceTree = "<group>";
		};
		11667F85257E8B4E00139316 = {
			isa = PBXGroup;
			children = (
				11667F90257E8B4E00139316 /* ProjectList */,
				11667F8F257E8B4E00139316 /* Products */,
			);
			sourceTree = "<group>";
		};
		11667F8F257E8B4E00139316 /* Products */ = {
			isa = PBXGroup;
			children = (
				11667F8E257E8B4E00139316 /* ProjectList.app */,
			);
			name = Products;
			sourceTree = "<group>";
		};
		11667F90257E8B4E00139316 /* ProjectList */ = {
			isa = PBXGroup;
			children = (
				11667FAB257E92D000139316 /* Application */,
				115F1601257ED325003EB4F3 /* Common */,
				11667FA8257E920000139316 /* Resources */,
			);
			path = ProjectList;
			sourceTree = "<group>";
		};
		11667FA8257E920000139316 /* Resources */ = {
			isa = PBXGroup;
			children = (
				11667F9C257E8B4F00139316 /* LaunchScreen.storyboard */,
				11667F9F257E8B4F00139316 /* Info.plist */,
				11667F9A257E8B4F00139316 /* Assets.xcassets */,
			);
			path = Resources;
			sourceTree = "<group>";
		};
		11667FA9257E925400139316 /* Modules */ = {
			isa = PBXGroup;
			children = (
				11667FAC257E92E200139316 /* Main */,
			);
			path = Modules;
			sourceTree = "<group>";
		};
		11667FAA257E92AF00139316 /* Services */ = {
			isa = PBXGroup;
			children = (
				11F9913D257EAB6200243D84 /* Store */,
			);
			path = Services;
			sourceTree = "<group>";
		};
		11667FAB257E92D000139316 /* Application */ = {
			isa = PBXGroup;
			children = (
				11667F91257E8B4E00139316 /* AppDelegate.swift */,
			);
			path = Application;
			sourceTree = "<group>";
		};
		11667FAC257E92E200139316 /* Main */ = {
			isa = PBXGroup;
			children = (
				11F9912C257E995100243D84 /* Model */,
				11F9912A257E993E00243D84 /* View */,
				11F9912B257E994B00243D84 /* ViewModel */,
				11DC20FF257ED89C00C714DF /* Wireframe */,
			);
			path = Main;
			sourceTree = "<group>";
		};
		11DC20FF257ED89C00C714DF /* Wireframe */ = {
			isa = PBXGroup;
			children = (
				11DC2100257ED8BF00C714DF /* MainModuleWireframe.swift */,
			);
			path = Wireframe;
			sourceTree = "<group>";
		};
		11F9912A257E993E00243D84 /* View */ = {
			isa = PBXGroup;
			children = (
				115F15F9257EC1E1003EB4F3 /* Cell */,
				11667F95257E8B4E00139316 /* MainViewController.swift */,
				11667F97257E8B4E00139316 /* Main.storyboard */,
			);
			path = View;
			sourceTree = "<group>";
		};
		11F9912B257E994B00243D84 /* ViewModel */ = {
			isa = PBXGroup;
			children = (
				11F9914A257EB5FA00243D84 /* ViewData */,
				11F9912D257E996A00243D84 /* MainViewModelProtocol.swift */,
				11F99133257E9A3600243D84 /* MainViewModel.swift */,
			);
			path = ViewModel;
			sourceTree = "<group>";
		};
		11F9912C257E995100243D84 /* Model */ = {
			isa = PBXGroup;
			children = (
				11F99130257E99D400243D84 /* ShoppingItemEntity.swift */,
			);
			path = Model;
			sourceTree = "<group>";
		};
		11F9913D257EAB6200243D84 /* Store */ = {
			isa = PBXGroup;
			children = (
				11F99144257EACA800243D84 /* Mock */,
				11F9913E257EAB8200243D84 /* StoreServiceProtocol.swift */,
			);
			path = Store;
			sourceTree = "<group>";
		};
		11F99144257EACA800243D84 /* Mock */ = {
			isa = PBXGroup;
			children = (
				11F99145257EACBB00243D84 /* MockStoreService.swift */,
			);
			path = Mock;
			sourceTree = "<group>";
		};
		11F9914A257EB5FA00243D84 /* ViewData */ = {
			isa = PBXGroup;
			children = (
				11F9914B257EB60F00243D84 /* ShoppingViewData.swift */,
			);
			path = ViewData;
			sourceTree = "<group>";
		};
/* End PBXGroup section */

/* Begin PBXNativeTarget section */
		11667F8D257E8B4E00139316 /* ProjectList */ = {
			isa = PBXNativeTarget;
			buildConfigurationList = 11667FA2257E8B4F00139316 /* Build configuration list for PBXNativeTarget "ProjectList" */;
			buildPhases = (
				11667F8A257E8B4E00139316 /* Sources */,
				11667F8B257E8B4E00139316 /* Frameworks */,
				11667F8C257E8B4E00139316 /* Resources */,
			);
			buildRules = (
			);
			dependencies = (
			);
			name = ProjectList;
			productName = ProjectList;
			productReference = 11667F8E257E8B4E00139316 /* ProjectList.app */;
			productType = "com.apple.product-type.application";
		};
/* End PBXNativeTarget section */

/* Begin PBXProject section */
		11667F86257E8B4E00139316 /* Project object */ = {
			isa = PBXProject;
			attributes = {
				LastSwiftUpdateCheck = 1220;
				LastUpgradeCheck = 1220;
				TargetAttributes = {
					11667F8D257E8B4E00139316 = {
						CreatedOnToolsVersion = 12.2;
					};
				};
			};
			buildConfigurationList = 11667F89257E8B4E00139316 /* Build configuration list for PBXProject "ProjectList" */;
			compatibilityVersion = "Xcode 9.3";
			developmentRegion = en;
			hasScannedForEncodings = 0;
			knownRegions = (
				en,
				Base,
			);
			mainGroup = 11667F85257E8B4E00139316;
			productRefGroup = 11667F8F257E8B4E00139316 /* Products */;
			projectDirPath = "";
			projectRoot = "";
			targets = (
				11667F8D257E8B4E00139316 /* ProjectList */,
			);
		};
/* End PBXProject section */

/* Begin PBXResourcesBuildPhase section */
		11667F8C257E8B4E00139316 /* Resources */ = {
			isa = PBXResourcesBuildPhase;
			buildActionMask = 2147483647;
			files = (
				115F15FD257EC211003EB4F3 /* ShoppingItemCell.xib in Resources */,
				11667F9E257E8B4F00139316 /* LaunchScreen.storyboard in Resources */,
				11667F9B257E8B4F00139316 /* Assets.xcassets in Resources */,
				11667F99257E8B4E00139316 /* Main.storyboard in Resources */,
			);
			runOnlyForDeploymentPostprocessing = 0;
		};
/* End PBXResourcesBuildPhase section */

/* Begin PBXSourcesBuildPhase section */
		11667F8A257E8B4E00139316 /* Sources */ = {
			isa = PBXSourcesBuildPhase;
			buildActionMask = 2147483647;
			files = (
				115F15FC257EC211003EB4F3 /* ShoppingItemCell.swift in Sources */,
				11667F96257E8B4E00139316 /* MainViewController.swift in Sources */,
				11F9912E257E996A00243D84 /* MainViewModelProtocol.swift in Sources */,
				11667F92257E8B4E00139316 /* AppDelegate.swift in Sources */,
				115F1604257ED360003EB4F3 /* UIViewController+ErrorAlert.swift in Sources */,
				11F9914C257EB60F00243D84 /* ShoppingViewData.swift in Sources */,
				11F99131257E99D400243D84 /* ShoppingItemEntity.swift in Sources */,
				11F9913F257EAB8200243D84 /* StoreServiceProtocol.swift in Sources */,
				11DC2101257ED8BF00C714DF /* MainModuleWireframe.swift in Sources */,
				11F99146257EACBB00243D84 /* MockStoreService.swift in Sources */,
				11F99134257E9A3600243D84 /* MainViewModel.swift in Sources */,
			);
			runOnlyForDeploymentPostprocessing = 0;
		};
/* End PBXSourcesBuildPhase section */

/* Begin PBXVariantGroup section */
		11667F97257E8B4E00139316 /* Main.storyboard */ = {
			isa = PBXVariantGroup;
			children = (
				11667F98257E8B4E00139316 /* Base */,
			);
			name = Main.storyboard;
			sourceTree = "<group>";
		};
		11667F9C257E8B4F00139316 /* LaunchScreen.storyboard */ = {
			isa = PBXVariantGroup;
			children = (
				11667F9D257E8B4F00139316 /* Base */,
			);
			name = LaunchScreen.storyboard;
			sourceTree = "<group>";
		};
/* End PBXVariantGroup section */

/* Begin XCBuildConfiguration section */
		11667FA0257E8B4F00139316 /* Debug */ = {
			isa = XCBuildConfiguration;
			buildSettings = {
				ALWAYS_SEARCH_USER_PATHS = NO;
				CLANG_ANALYZER_NONNULL = YES;
				CLANG_ANALYZER_NUMBER_OBJECT_CONVERSION = YES_AGGRESSIVE;
				CLANG_CXX_LANGUAGE_STANDARD = "gnu++14";
				CLANG_CXX_LIBRARY = "libc++";
				CLANG_ENABLE_MODULES = YES;
				CLANG_ENABLE_OBJC_ARC = YES;
				CLANG_ENABLE_OBJC_WEAK = YES;
				CLANG_WARN_BLOCK_CAPTURE_AUTORELEASING = YES;
				CLANG_WARN_BOOL_CONVERSION = YES;
				CLANG_WARN_COMMA = YES;
				CLANG_WARN_CONSTANT_CONVERSION = YES;
				CLANG_WARN_DEPRECATED_OBJC_IMPLEMENTATIONS = YES;
				CLANG_WARN_DIRECT_OBJC_ISA_USAGE = YES_ERROR;
				CLANG_WARN_DOCUMENTATION_COMMENTS = YES;
				CLANG_WARN_EMPTY_BODY = YES;
				CLANG_WARN_ENUM_CONVERSION = YES;
				CLANG_WARN_INFINITE_RECURSION = YES;
				CLANG_WARN_INT_CONVERSION = YES;
				CLANG_WARN_NON_LITERAL_NULL_CONVERSION = YES;
				CLANG_WARN_OBJC_IMPLICIT_RETAIN_SELF = YES;
				CLANG_WARN_OBJC_LITERAL_CONVERSION = YES;
				CLANG_WARN_OBJC_ROOT_CLASS = YES_ERROR;
				CLANG_WARN_QUOTED_INCLUDE_IN_FRAMEWORK_HEADER = YES;
				CLANG_WARN_RANGE_LOOP_ANALYSIS = YES;
				CLANG_WARN_STRICT_PROTOTYPES = YES;
				CLANG_WARN_SUSPICIOUS_MOVE = YES;
				CLANG_WARN_UNGUARDED_AVAILABILITY = YES_AGGRESSIVE;
				CLANG_WARN_UNREACHABLE_CODE = YES;
				CLANG_WARN__DUPLICATE_METHOD_MATCH = YES;
				COPY_PHASE_STRIP = NO;
				DEBUG_INFORMATION_FORMAT = dwarf;
				ENABLE_STRICT_OBJC_MSGSEND = YES;
				ENABLE_TESTABILITY = YES;
				GCC_C_LANGUAGE_STANDARD = gnu11;
				GCC_DYNAMIC_NO_PIC = NO;
				GCC_NO_COMMON_BLOCKS = YES;
				GCC_OPTIMIZATION_LEVEL = 0;
				GCC_PREPROCESSOR_DEFINITIONS = (
					"DEBUG=1",
					"$(inherited)",
				);
				GCC_WARN_64_TO_32_BIT_CONVERSION = YES;
				GCC_WARN_ABOUT_RETURN_TYPE = YES_ERROR;
				GCC_WARN_UNDECLARED_SELECTOR = YES;
				GCC_WARN_UNINITIALIZED_AUTOS = YES_AGGRESSIVE;
				GCC_WARN_UNUSED_FUNCTION = YES;
				GCC_WARN_UNUSED_VARIABLE = YES;
				IPHONEOS_DEPLOYMENT_TARGET = 14.2;
				MTL_ENABLE_DEBUG_INFO = INCLUDE_SOURCE;
				MTL_FAST_MATH = YES;
				ONLY_ACTIVE_ARCH = YES;
				SDKROOT = iphoneos;
				SWIFT_ACTIVE_COMPILATION_CONDITIONS = DEBUG;
				SWIFT_OPTIMIZATION_LEVEL = "-Onone";
			};
			name = Debug;
		};
		11667FA1257E8B4F00139316 /* Release */ = {
			isa = XCBuildConfiguration;
			buildSettings = {
				ALWAYS_SEARCH_USER_PATHS = NO;
				CLANG_ANALYZER_NONNULL = YES;
				CLANG_ANALYZER_NUMBER_OBJECT_CONVERSION = YES_AGGRESSIVE;
				CLANG_CXX_LANGUAGE_STANDARD = "gnu++14";
				CLANG_CXX_LIBRARY = "libc++";
				CLANG_ENABLE_MODULES = YES;
				CLANG_ENABLE_OBJC_ARC = YES;
				CLANG_ENABLE_OBJC_WEAK = YES;
				CLANG_WARN_BLOCK_CAPTURE_AUTORELEASING = YES;
				CLANG_WARN_BOOL_CONVERSION = YES;
				CLANG_WARN_COMMA = YES;
				CLANG_WARN_CONSTANT_CONVERSION = YES;
				CLANG_WARN_DEPRECATED_OBJC_IMPLEMENTATIONS = YES;
				CLANG_WARN_DIRECT_OBJC_ISA_USAGE = YES_ERROR;
				CLANG_WARN_DOCUMENTATION_COMMENTS = YES;
				CLANG_WARN_EMPTY_BODY = YES;
				CLANG_WARN_ENUM_CONVERSION = YES;
				CLANG_WARN_INFINITE_RECURSION = YES;
				CLANG_WARN_INT_CONVERSION = YES;
				CLANG_WARN_NON_LITERAL_NULL_CONVERSION = YES;
				CLANG_WARN_OBJC_IMPLICIT_RETAIN_SELF = YES;
				CLANG_WARN_OBJC_LITERAL_CONVERSION = YES;
				CLANG_WARN_OBJC_ROOT_CLASS = YES_ERROR;
				CLANG_WARN_QUOTED_INCLUDE_IN_FRAMEWORK_HEADER = YES;
				CLANG_WARN_RANGE_LOOP_ANALYSIS = YES;
				CLANG_WARN_STRICT_PROTOTYPES = YES;
				CLANG_WARN_SUSPICIOUS_MOVE = YES;
				CLANG_WARN_UNGUARDED_AVAILABILITY = YES_AGGRESSIVE;
				CLANG_WARN_UNREACHABLE_CODE = YES;
				CLANG_WARN__DUPLICATE_METHOD_MATCH = YES;
				COPY_PHASE_STRIP = NO;
				DEBUG_INFORMATION_FORMAT = "dwarf-with-dsym";
				ENABLE_NS_ASSERTIONS = NO;
				ENABLE_STRICT_OBJC_MSGSEND = YES;
				GCC_C_LANGUAGE_STANDARD = gnu11;
				GCC_NO_COMMON_BLOCKS = YES;
				GCC_WARN_64_TO_32_BIT_CONVERSION = YES;
				GCC_WARN_ABOUT_RETURN_TYPE = YES_ERROR;
				GCC_WARN_UNDECLARED_SELECTOR = YES;
				GCC_WARN_UNINITIALIZED_AUTOS = YES_AGGRESSIVE;
				GCC_WARN_UNUSED_FUNCTION = YES;
				GCC_WARN_UNUSED_VARIABLE = YES;
				IPHONEOS_DEPLOYMENT_TARGET = 14.2;
				MTL_ENABLE_DEBUG_INFO = NO;
				MTL_FAST_MATH = YES;
				SDKROOT = iphoneos;
				SWIFT_COMPILATION_MODE = wholemodule;
				SWIFT_OPTIMIZATION_LEVEL = "-O";
				VALIDATE_PRODUCT = YES;
			};
			name = Release;
		};
		11667FA3257E8B4F00139316 /* Debug */ = {
			isa = XCBuildConfiguration;
			buildSettings = {
				ASSETCATALOG_COMPILER_APPICON_NAME = AppIcon;
				ASSETCATALOG_COMPILER_GLOBAL_ACCENT_COLOR_NAME = AccentColor;
				CODE_SIGN_STYLE = Automatic;
				DEVELOPMENT_TEAM = SZ46K2Z6E6;
				INFOPLIST_FILE = ProjectList/Resources/Info.plist;
				IPHONEOS_DEPLOYMENT_TARGET = 11.4;
				LD_RUNPATH_SEARCH_PATHS = (
					"$(inherited)",
					"@executable_path/Frameworks",
				);
				PRODUCT_BUNDLE_IDENTIFIER = com.amashtay.ProjectList;
				PRODUCT_NAME = "$(TARGET_NAME)";
				SWIFT_VERSION = 5.0;
				TARGETED_DEVICE_FAMILY = "1,2";
			};
			name = Debug;
		};
		11667FA4257E8B4F00139316 /* Release */ = {
			isa = XCBuildConfiguration;
			buildSettings = {
				ASSETCATALOG_COMPILER_APPICON_NAME = AppIcon;
				ASSETCATALOG_COMPILER_GLOBAL_ACCENT_COLOR_NAME = AccentColor;
				CODE_SIGN_STYLE = Automatic;
				DEVELOPMENT_TEAM = SZ46K2Z6E6;
				INFOPLIST_FILE = ProjectList/Resources/Info.plist;
				IPHONEOS_DEPLOYMENT_TARGET = 11.4;
				LD_RUNPATH_SEARCH_PATHS = (
					"$(inherited)",
					"@executable_path/Frameworks",
				);
				PRODUCT_BUNDLE_IDENTIFIER = com.amashtay.ProjectList;
				PRODUCT_NAME = "$(TARGET_NAME)";
				SWIFT_VERSION = 5.0;
				TARGETED_DEVICE_FAMILY = "1,2";
			};
			name = Release;
		};
/* End XCBuildConfiguration section */

/* Begin XCConfigurationList section */
		11667F89257E8B4E00139316 /* Build configuration list for PBXProject "ProjectList" */ = {
			isa = XCConfigurationList;
			buildConfigurations = (
				11667FA0257E8B4F00139316 /* Debug */,
				11667FA1257E8B4F00139316 /* Release */,
			);
			defaultConfigurationIsVisible = 0;
			defaultConfigurationName = Release;
		};
		11667FA2257E8B4F00139316 /* Build configuration list for PBXNativeTarget "ProjectList" */ = {
			isa = XCConfigurationList;
			buildConfigurations = (
				11667FA3257E8B4F00139316 /* Debug */,
				11667FA4257E8B4F00139316 /* Release */,
			);
			defaultConfigurationIsVisible = 0;
			defaultConfigurationName = Release;
		};
/* End XCConfigurationList section */
	};
	rootObject = 11667F86257E8B4E00139316 /* Project object */;
}
